
Microsoft Visual Studio Solution File, Format Version 12.00
# Visual Studio Version 16
VisualStudioVersion = 16.0.29230.47
MinimumVisualStudioVersion = 10.0.40219.1
Project("{FAE04EC0-301F-11D3-BF4B-00C04F79EFBC}") = "patient_profile", "patient_profile.csproj", "{8A30B55C-4460-43D0-8A66-15A6E1058E52}"
EndProject
Global
	GlobalSection(SolutionConfigurationPlatforms) = preSolution
		Debug|Any CPU = Debug|Any CPU
		Release|Any CPU = Release|Any CPU
	EndGlobalSection
	GlobalSection(ProjectConfigurationPlatforms) = postSolution
		{8A30B55C-4460-43D0-8A66-15A6E1058E52}.Debug|Any CPU.ActiveCfg = Debug|Any CPU
		{8A30B55C-4460-43D0-8A66-15A6E1058E52}.Debug|Any CPU.Build.0 = Debug|Any CPU
		{8A30B55C-4460-43D0-8A66-15A6E1058E52}.Release|Any CPU.ActiveCfg = Release|Any CPU
		{8A30B55C-4460-43D0-8A66-15A6E1058E52}.Release|Any CPU.Build.0 = Release|Any CPU
	EndGlobalSection
	GlobalSection(SolutionProperties) = preSolution
		HideSolutionNode = FALSE
	EndGlobalSection
	GlobalSection(ExtensibilityGlobals) = postSolution
		SolutionGuid = {C7C16013-824E-44BE-BBBF-CF2EF9DB8F71}
	EndGlobalSection
EndGlobal
